
Microsoft Visual Studio Solution File, Format Version 12.00
# Visual Studio Version 17
VisualStudioVersion = 17.13.35818.85 d17.13
MinimumVisualStudioVersion = 10.0.40219.1
Project("{FAE04EC0-301F-11D3-BF4B-00C04F79EFBC}") = "WpfApp1", "WpfApp1\WpfApp1.csproj", "{52890CAD-D278-491F-881C-A2C4AC5A17BD}"
EndProject
Global
	GlobalSection(SolutionConfigurationPlatforms) = preSolution
		Debug|Any CPU = Debug|Any CPU
		Release|Any CPU = Release|Any CPU
	EndGlobalSection
	GlobalSection(ProjectConfigurationPlatforms) = postSolution
		{52890CAD-D278-491F-881C-A2C4AC5A17BD}.Debug|Any CPU.ActiveCfg = Debug|Any CPU
		{52890CAD-D278-491F-881C-A2C4AC5A17BD}.Debug|Any CPU.Build.0 = Debug|Any CPU
		{52890CAD-D278-491F-881C-A2C4AC5A17BD}.Release|Any CPU.ActiveCfg = Release|Any CPU
		{52890CAD-D278-491F-881C-A2C4AC5A17BD}.Release|Any CPU.Build.0 = Release|Any CPU
	EndGlobalSection
	GlobalSection(SolutionProperties) = preSolution
		HideSolutionNode = FALSE
	EndGlobalSection
	GlobalSection(ExtensibilityGlobals) = postSolution
		SolutionGuid = {4FAFDE18-40FB-4F46-BA12-120B0F0950BF}
	EndGlobalSection
EndGlobal
